
Microsoft Visual Studio Solution File, Format Version 12.00
# Visual Studio Version 17
VisualStudioVersion = 17.12.35521.163 d17.12
MinimumVisualStudioVersion = 10.0.40219.1
Project("{FAE04EC0-301F-11D3-BF4B-00C04F79EFBC}") = "RevitData.ApplicationCore", "RevitData.ApplicationCore\RevitData.ApplicationCore.csproj", "{32AE3078-13F2-424B-BA83-BA6579CAABF2}"
EndProject
Project("{2150E333-8FDC-42A3-9474-1A3956D46DE8}") = "Solution Items", "Solution Items", "{338F4D3A-89CA-4BD6-9E8A-7F9977657436}"
	ProjectSection(SolutionItems) = preProject
		.gitignore = .gitignore
	EndProjectSection
EndProject
Project("{FAE04EC0-301F-11D3-BF4B-00C04F79EFBC}") = "RevitData.TestConsole", "RevitData.TestConsole\RevitData.TestConsole.csproj", "{1906D1AB-BBE1-4BD5-8996-B13E4C41CAD4}"
EndProject
Project("{FAE04EC0-301F-11D3-BF4B-00C04F79EFBC}") = "RevitData.DocumentExtractionAddIn", "RevitData.DocumentExtractionAddIn\RevitData.DocumentExtractionAddIn.csproj", "{52979EFE-A8AD-48D3-B16D-9157BA4DBDDC}"
EndProject
Global
	GlobalSection(SolutionConfigurationPlatforms) = preSolution
		Debug|Any CPU = Debug|Any CPU
		Release|Any CPU = Release|Any CPU
	EndGlobalSection
	GlobalSection(ProjectConfigurationPlatforms) = postSolution
		{32AE3078-13F2-424B-BA83-BA6579CAABF2}.Debug|Any CPU.ActiveCfg = Debug|Any CPU
		{32AE3078-13F2-424B-BA83-BA6579CAABF2}.Debug|Any CPU.Build.0 = Debug|Any CPU
		{32AE3078-13F2-424B-BA83-BA6579CAABF2}.Release|Any CPU.ActiveCfg = Release|Any CPU
		{32AE3078-13F2-424B-BA83-BA6579CAABF2}.Release|Any CPU.Build.0 = Release|Any CPU
		{1906D1AB-BBE1-4BD5-8996-B13E4C41CAD4}.Debug|Any CPU.ActiveCfg = Debug|Any CPU
		{1906D1AB-BBE1-4BD5-8996-B13E4C41CAD4}.Debug|Any CPU.Build.0 = Debug|Any CPU
		{1906D1AB-BBE1-4BD5-8996-B13E4C41CAD4}.Release|Any CPU.ActiveCfg = Release|Any CPU
		{1906D1AB-BBE1-4BD5-8996-B13E4C41CAD4}.Release|Any CPU.Build.0 = Release|Any CPU
		{52979EFE-A8AD-48D3-B16D-9157BA4DBDDC}.Debug|Any CPU.ActiveCfg = Debug|Any CPU
		{52979EFE-A8AD-48D3-B16D-9157BA4DBDDC}.Debug|Any CPU.Build.0 = Debug|Any CPU
		{52979EFE-A8AD-48D3-B16D-9157BA4DBDDC}.Release|Any CPU.ActiveCfg = Release|Any CPU
		{52979EFE-A8AD-48D3-B16D-9157BA4DBDDC}.Release|Any CPU.Build.0 = Release|Any CPU
	EndGlobalSection
	GlobalSection(SolutionProperties) = preSolution
		HideSolutionNode = FALSE
	EndGlobalSection
EndGlobal
